
Microsoft Visual Studio Solution File, Format Version 12.00
# Visual Studio Version 16
VisualStudioVersion = 16.0.30320.27
MinimumVisualStudioVersion = 10.0.40219.1
Project("{FAE04EC0-301F-11D3-BF4B-00C04F79EFBC}") = "amocanaN5", "amocanaN5\amocanaN5.csproj", "{075AEBE4-5F80-4859-979C-C73FF00BF6CD}"
EndProject
Global
	GlobalSection(SolutionConfigurationPlatforms) = preSolution
		Debug|Any CPU = Debug|Any CPU
		Release|Any CPU = Release|Any CPU
	EndGlobalSection
	GlobalSection(ProjectConfigurationPlatforms) = postSolution
		{075AEBE4-5F80-4859-979C-C73FF00BF6CD}.Debug|Any CPU.ActiveCfg = Debug|Any CPU
		{075AEBE4-5F80-4859-979C-C73FF00BF6CD}.Debug|Any CPU.Build.0 = Debug|Any CPU
		{075AEBE4-5F80-4859-979C-C73FF00BF6CD}.Release|Any CPU.ActiveCfg = Release|Any CPU
		{075AEBE4-5F80-4859-979C-C73FF00BF6CD}.Release|Any CPU.Build.0 = Release|Any CPU
	EndGlobalSection
	GlobalSection(SolutionProperties) = preSolution
		HideSolutionNode = FALSE
	EndGlobalSection
	GlobalSection(ExtensibilityGlobals) = postSolution
		SolutionGuid = {422C8752-233D-44EF-9BA2-A2720D0D585F}
	EndGlobalSection
EndGlobal
